
Microsoft Visual Studio Solution File, Format Version 12.00
# Visual Studio Version 17
VisualStudioVersion = 17.4.33205.214
MinimumVisualStudioVersion = 10.0.40219.1
Project("{FAE04EC0-301F-11D3-BF4B-00C04F79EFBC}") = "tresDivisores", "tresDivisores\tresDivisores.csproj", "{236E3846-9E3F-444B-A22A-E790C331E257}"
EndProject
Global
	GlobalSection(SolutionConfigurationPlatforms) = preSolution
		Debug|Any CPU = Debug|Any CPU
		Release|Any CPU = Release|Any CPU
	EndGlobalSection
	GlobalSection(ProjectConfigurationPlatforms) = postSolution
		{236E3846-9E3F-444B-A22A-E790C331E257}.Debug|Any CPU.ActiveCfg = Debug|Any CPU
		{236E3846-9E3F-444B-A22A-E790C331E257}.Debug|Any CPU.Build.0 = Debug|Any CPU
		{236E3846-9E3F-444B-A22A-E790C331E257}.Release|Any CPU.ActiveCfg = Release|Any CPU
		{236E3846-9E3F-444B-A22A-E790C331E257}.Release|Any CPU.Build.0 = Release|Any CPU
	EndGlobalSection
	GlobalSection(SolutionProperties) = preSolution
		HideSolutionNode = FALSE
	EndGlobalSection
	GlobalSection(ExtensibilityGlobals) = postSolution
		SolutionGuid = {8FC290FC-388F-4A19-9F46-FC839EF0036B}
	EndGlobalSection
EndGlobal
